// !$*UTF8*$!
{
	archiveVersion = 1;
	classes = {
	};
	objectVersion = 56;
	objects = {

/* Begin PBXBuildFile section */
		A00000000000000000000001 /* EarpieceSpikeApp.swift in Sources */ = {isa = PBXBuildFile; fileRef = B00000000000000000000001 /* EarpieceSpikeApp.swift */; };
		A00000000000000000000002 /* AppDelegate.swift in Sources */ = {isa = PBXBuildFile; fileRef = B00000000000000000000002 /* AppDelegate.swift */; };
		A00000000000000000000003 /* ContentView.swift in Sources */ = {isa = PBXBuildFile; fileRef = B00000000000000000000003 /* ContentView.swift */; };
		A00000000000000000000004 /* SendCommandIntent.swift in Sources */ = {isa = PBXBuildFile; fileRef = B00000000000000000000005 /* SendCommandIntent.swift */; };
		A00000000000000000000005 /* EarpieceConfig.swift in Sources */ = {isa = PBXBuildFile; fileRef = B00000000000000000000006 /* EarpieceConfig.swift */; };
		A00000000000000000000006 /* Assets.xcassets in Resources */ = {isa = PBXBuildFile; fileRef = B00000000000000000000008 /* Assets.xcassets */; };
		A00000000000000000000007 /* SpeechInput.swift in Sources */ = {isa = PBXBuildFile; fileRef = B00000000000000000000009 /* SpeechInput.swift */; };
		A00000000000000000000008 /* ChatView.swift in Sources */ = {isa = PBXBuildFile; fileRef = B00000000000000000000010 /* ChatView.swift */; };
		A00000000000000000000009 /* LANDiscovery.swift in Sources */ = {isa = PBXBuildFile; fileRef = B00000000000000000000011 /* LANDiscovery.swift */; };
		A00000000000000000000010 /* Pro.swift in Sources */ = {isa = PBXBuildFile; fileRef = B00000000000000000000012 /* Pro.swift */; };
		A00000000000000000000020 /* Localizable.strings in Resources */ = {isa = PBXBuildFile; fileRef = G00000000000000000000001 /* Localizable.strings */; };
/* End PBXBuildFile section */

/* Begin PBXFileReference section */
		B00000000000000000000001 /* EarpieceSpikeApp.swift */ = {isa = PBXFileReference; lastKnownFileType = sourcecode.swift; path = EarpieceSpikeApp.swift; sourceTree = "<group>"; };
		B00000000000000000000002 /* AppDelegate.swift */ = {isa = PBXFileReference; lastKnownFileType = sourcecode.swift; path = AppDelegate.swift; sourceTree = "<group>"; };
		B00000000000000000000003 /* ContentView.swift */ = {isa = PBXFileReference; lastKnownFileType = sourcecode.swift; path = ContentView.swift; sourceTree = "<group>"; };
		B00000000000000000000004 /* EarpieceSpike.entitlements */ = {isa = PBXFileReference; lastKnownFileType = text.plist.entitlements; path = EarpieceSpike.entitlements; sourceTree = "<group>"; };
		B00000000000000000000005 /* SendCommandIntent.swift */ = {isa = PBXFileReference; lastKnownFileType = sourcecode.swift; path = SendCommandIntent.swift; sourceTree = "<group>"; };
		B00000000000000000000006 /* EarpieceConfig.swift */ = {isa = PBXFileReference; lastKnownFileType = sourcecode.swift; path = EarpieceConfig.swift; sourceTree = "<group>"; };
		B00000000000000000000007 /* Info.plist */ = {isa = PBXFileReference; lastKnownFileType = text.plist.xml; path = Info.plist; sourceTree = "<group>"; };
		B00000000000000000000008 /* Assets.xcassets */ = {isa = PBXFileReference; lastKnownFileType = folder.assetcatalog; path = Assets.xcassets; sourceTree = "<group>"; };
		B00000000000000000000009 /* SpeechInput.swift */ = {isa = PBXFileReference; lastKnownFileType = sourcecode.swift; path = SpeechInput.swift; sourceTree = "<group>"; };
		B00000000000000000000010 /* ChatView.swift */ = {isa = PBXFileReference; lastKnownFileType = sourcecode.swift; path = ChatView.swift; sourceTree = "<group>"; };
		B00000000000000000000011 /* LANDiscovery.swift */ = {isa = PBXFileReference; lastKnownFileType = sourcecode.swift; path = LANDiscovery.swift; sourceTree = "<group>"; };
		B00000000000000000000012 /* Pro.swift */ = {isa = PBXFileReference; lastKnownFileType = sourcecode.swift; path = Pro.swift; sourceTree = "<group>"; };
		C00000000000000000000001 /* EarpieceSpike.app */ = {isa = PBXFileReference; explicitFileType = wrapper.application; includeInIndex = 0; path = EarpieceSpike.app; sourceTree = BUILT_PRODUCTS_DIR; };
		H00000000000000000000001 /* en */ = {isa = PBXFileReference; lastKnownFileType = text.plist.strings; name = en; path = en.lproj/Localizable.strings; sourceTree = "<group>"; };
		H00000000000000000000002 /* zh-Hans */ = {isa = PBXFileReference; lastKnownFileType = text.plist.strings; name = "zh-Hans"; path = "zh-Hans.lproj/Localizable.strings"; sourceTree = "<group>"; };
/* End PBXFileReference section */

/* Begin PBXVariantGroup section */
		G00000000000000000000001 /* Localizable.strings */ = {
			isa = PBXVariantGroup;
			children = (
				H00000000000000000000001 /* en */,
				H00000000000000000000002 /* zh-Hans */,
			);
			name = Localizable.strings;
			sourceTree = "<group>";
		};
/* End PBXVariantGroup section */

/* Begin PBXFrameworksBuildPhase section */
		D00000000000000000000001 /* Frameworks */ = {
			isa = PBXFrameworksBuildPhase;
			buildActionMask = 2147483647;
			files = (
			);
			runOnlyForDeploymentPostprocessing = 0;
		};
/* End PBXFrameworksBuildPhase section */

/* Begin PBXGroup section */
		E00000000000000000000001 = {
			isa = PBXGroup;
			children = (
				B00000000000000000000001 /* EarpieceSpikeApp.swift */,
				B00000000000000000000002 /* AppDelegate.swift */,
				B00000000000000000000003 /* ContentView.swift */,
				B00000000000000000000005 /* SendCommandIntent.swift */,
				B00000000000000000000006 /* EarpieceConfig.swift */,
				B00000000000000000000009 /* SpeechInput.swift */,
				B00000000000000000000010 /* ChatView.swift */,
				B00000000000000000000011 /* LANDiscovery.swift */,
				B00000000000000000000012 /* Pro.swift */,
				B00000000000000000000004 /* EarpieceSpike.entitlements */,
				B00000000000000000000007 /* Info.plist */,
				B00000000000000000000008 /* Assets.xcassets */,
				G00000000000000000000001 /* Localizable.strings */,
				E00000000000000000000002 /* Products */,
			);
			sourceTree = "<group>";
		};
		E00000000000000000000002 /* Products */ = {
			isa = PBXGroup;
			children = (
				C00000000000000000000001 /* EarpieceSpike.app */,
			);
			name = Products;
			sourceTree = "<group>";
		};
/* End PBXGroup section */

/* Begin PBXNativeTarget section */
		F00000000000000000000001 /* EarpieceSpike */ = {
			isa = PBXNativeTarget;
			buildConfigurationList = 100000000000000000000003 /* Build configuration list for PBXNativeTarget "EarpieceSpike" */;
			buildPhases = (
				110000000000000000000001 /* Sources */,
				D00000000000000000000001 /* Frameworks */,
				110000000000000000000002 /* Resources */,
			);
			buildRules = (
			);
			dependencies = (
			);
			name = EarpieceSpike;
			productName = EarpieceSpike;
			productReference = C00000000000000000000001 /* EarpieceSpike.app */;
			productType = "com.apple.product-type.application";
		};
/* End PBXNativeTarget section */

/* Begin PBXProject section */
		120000000000000000000001 /* Project object */ = {
			isa = PBXProject;
			attributes = {
				BuildIndependentTargetsInParallel = 1;
				LastSwiftUpdateCheck = 1500;
				LastUpgradeCheck = 1500;
				TargetAttributes = {
					F00000000000000000000001 = {
						CreatedOnToolsVersion = 15.0;
					};
				};
			};
			buildConfigurationList = 100000000000000000000001 /* Build configuration list for PBXProject "EarpieceSpike" */;
			compatibilityVersion = "Xcode 14.0";
			developmentRegion = "zh-Hans";
			hasScannedForEncodings = 0;
			knownRegions = (
				en,
				Base,
				"zh-Hans",
			);
			mainGroup = E00000000000000000000001;
			productRefGroup = E00000000000000000000002 /* Products */;
			projectDirPath = "";
			projectRoot = "";
			targets = (
				F00000000000000000000001 /* EarpieceSpike */,
			);
		};
/* End PBXProject section */

/* Begin PBXSourcesBuildPhase section */
		110000000000000000000001 /* Sources */ = {
			isa = PBXSourcesBuildPhase;
			buildActionMask = 2147483647;
			files = (
				A00000000000000000000001 /* EarpieceSpikeApp.swift in Sources */,
				A00000000000000000000002 /* AppDelegate.swift in Sources */,
				A00000000000000000000003 /* ContentView.swift in Sources */,
				A00000000000000000000004 /* SendCommandIntent.swift in Sources */,
				A00000000000000000000005 /* EarpieceConfig.swift in Sources */,
				A00000000000000000000007 /* SpeechInput.swift in Sources */,
				A00000000000000000000008 /* ChatView.swift in Sources */,
				A00000000000000000000009 /* LANDiscovery.swift in Sources */,
				A00000000000000000000010 /* Pro.swift in Sources */,
			);
			runOnlyForDeploymentPostprocessing = 0;
		};
/* End PBXSourcesBuildPhase section */

/* Begin PBXResourcesBuildPhase section */
		110000000000000000000002 /* Resources */ = {
			isa = PBXResourcesBuildPhase;
			buildActionMask = 2147483647;
			files = (
				A00000000000000000000006 /* Assets.xcassets in Resources */,
				A00000000000000000000020 /* Localizable.strings in Resources */,
			);
			runOnlyForDeploymentPostprocessing = 0;
		};
/* End PBXResourcesBuildPhase section */

/* Begin XCBuildConfiguration section */
		130000000000000000000001 /* Debug */ = {
			isa = XCBuildConfiguration;
			buildSettings = {
				ALWAYS_SEARCH_USER_PATHS = NO;
				CLANG_ENABLE_MODULES = YES;
				CLANG_ENABLE_OBJC_ARC = YES;
				COPY_PHASE_STRIP = NO;
				DEBUG_INFORMATION_FORMAT = dwarf;
				ENABLE_TESTABILITY = YES;
				GCC_OPTIMIZATION_LEVEL = 0;
				IPHONEOS_DEPLOYMENT_TARGET = 16.0;
				ONLY_ACTIVE_ARCH = YES;
				SDKROOT = iphoneos;
				SWIFT_ACTIVE_COMPILATION_CONDITIONS = DEBUG;
				SWIFT_OPTIMIZATION_LEVEL = "-Onone";
			};
			name = Debug;
		};
		130000000000000000000002 /* Release */ = {
			isa = XCBuildConfiguration;
			buildSettings = {
				ALWAYS_SEARCH_USER_PATHS = NO;
				CLANG_ENABLE_MODULES = YES;
				CLANG_ENABLE_OBJC_ARC = YES;
				COPY_PHASE_STRIP = NO;
				DEBUG_INFORMATION_FORMAT = "dwarf-with-dsym";
				IPHONEOS_DEPLOYMENT_TARGET = 16.0;
				SDKROOT = iphoneos;
				SWIFT_COMPILATION_MODE = wholemodule;
				VALIDATE_PRODUCT = YES;
			};
			name = Release;
		};
		130000000000000000000003 /* Debug */ = {
			isa = XCBuildConfiguration;
			buildSettings = {
				ASSETCATALOG_COMPILER_GLOBAL_ACCENT_COLOR_NAME = AccentColor;
				CODE_SIGN_ENTITLEMENTS = EarpieceSpike.entitlements;
				CODE_SIGN_STYLE = Automatic;
				CURRENT_PROJECT_VERSION = 16;
				DEVELOPMENT_TEAM = YOUR_TEAM_ID;
				GENERATE_INFOPLIST_FILE = YES;
				INFOPLIST_FILE = Info.plist;
				ASSETCATALOG_COMPILER_APPICON_NAME = AppIcon;
				INFOPLIST_KEY_CFBundleDisplayName = "答鸭";
				INFOPLIST_KEY_UIApplicationSceneManifest_Generation = YES;
				INFOPLIST_KEY_UIApplicationSupportsIndirectInputEvents = YES;
				INFOPLIST_KEY_UILaunchScreen_Generation = YES;
				INFOPLIST_KEY_UISupportedInterfaceOrientations_iPhone = UIInterfaceOrientationPortrait;
				LD_RUNPATH_SEARCH_PATHS = (
					"$(inherited)",
					"@executable_path/Frameworks",
				);
				MARKETING_VERSION = 1.0;
				PRODUCT_BUNDLE_IDENTIFIER = com.example.codetalkie;
				PRODUCT_NAME = "$(TARGET_NAME)";
				SWIFT_EMIT_LOC_STRINGS = YES;
				SWIFT_VERSION = 5.0;
				TARGETED_DEVICE_FAMILY = 1;
			};
			name = Debug;
		};
		130000000000000000000004 /* Release */ = {
			isa = XCBuildConfiguration;
			buildSettings = {
				ASSETCATALOG_COMPILER_GLOBAL_ACCENT_COLOR_NAME = AccentColor;
				CODE_SIGN_ENTITLEMENTS = EarpieceSpike.entitlements;
				CODE_SIGN_STYLE = Automatic;
				CURRENT_PROJECT_VERSION = 16;
				DEVELOPMENT_TEAM = YOUR_TEAM_ID;
				GENERATE_INFOPLIST_FILE = YES;
				INFOPLIST_FILE = Info.plist;
				ASSETCATALOG_COMPILER_APPICON_NAME = AppIcon;
				INFOPLIST_KEY_CFBundleDisplayName = "答鸭";
				INFOPLIST_KEY_UIApplicationSceneManifest_Generation = YES;
				INFOPLIST_KEY_UIApplicationSupportsIndirectInputEvents = YES;
				INFOPLIST_KEY_UILaunchScreen_Generation = YES;
				INFOPLIST_KEY_UISupportedInterfaceOrientations_iPhone = UIInterfaceOrientationPortrait;
				LD_RUNPATH_SEARCH_PATHS = (
					"$(inherited)",
					"@executable_path/Frameworks",
				);
				MARKETING_VERSION = 1.0;
				PRODUCT_BUNDLE_IDENTIFIER = com.example.codetalkie;
				PRODUCT_NAME = "$(TARGET_NAME)";
				SWIFT_EMIT_LOC_STRINGS = YES;
				SWIFT_VERSION = 5.0;
				TARGETED_DEVICE_FAMILY = 1;
			};
			name = Release;
		};
/* End XCBuildConfiguration section */

/* Begin XCConfigurationList section */
		100000000000000000000001 /* Build configuration list for PBXProject "EarpieceSpike" */ = {
			isa = XCConfigurationList;
			buildConfigurations = (
				130000000000000000000001 /* Debug */,
				130000000000000000000002 /* Release */,
			);
			defaultConfigurationIsVisible = 0;
			defaultConfigurationName = Release;
		};
		100000000000000000000003 /* Build configuration list for PBXNativeTarget "EarpieceSpike" */ = {
			isa = XCConfigurationList;
			buildConfigurations = (
				130000000000000000000003 /* Debug */,
				130000000000000000000004 /* Release */,
			);
			defaultConfigurationIsVisible = 0;
			defaultConfigurationName = Debug;
		};
/* End XCConfigurationList section */
	};
	rootObject = 120000000000000000000001 /* Project object */;
}
